
Microsoft Visual Studio Solution File, Format Version 12.00
# Visual Studio 15
VisualStudioVersion = 15.0.28307.329
MinimumVisualStudioVersion = 10.0.40219.1
Project("{9A19103F-16F7-4668-BE54-9A1E7A4F7556}") = "CSN Energy Task", "CSN Energy Task\CSN Energy Task.csproj", "{683D0B4C-E0F3-41E9-96A4-739CCB0B3B75}"
EndProject
Project("{FAE04EC0-301F-11D3-BF4B-00C04F79EFBC}") = "CSN Eenergy Task.Unit Tests", "CSN Eenergy Task.Unit Tests\CSN Eenergy Task.Unit Tests.csproj", "{12454189-764B-4B45-A80C-5FB5D3BA3B6A}"
EndProject
Global
	GlobalSection(SolutionConfigurationPlatforms) = preSolution
		Debug|Any CPU = Debug|Any CPU
		Release|Any CPU = Release|Any CPU
	EndGlobalSection
	GlobalSection(ProjectConfigurationPlatforms) = postSolution
		{683D0B4C-E0F3-41E9-96A4-739CCB0B3B75}.Debug|Any CPU.ActiveCfg = Debug|Any CPU
		{683D0B4C-E0F3-41E9-96A4-739CCB0B3B75}.Debug|Any CPU.Build.0 = Debug|Any CPU
		{683D0B4C-E0F3-41E9-96A4-739CCB0B3B75}.Release|Any CPU.ActiveCfg = Release|Any CPU
		{683D0B4C-E0F3-41E9-96A4-739CCB0B3B75}.Release|Any CPU.Build.0 = Release|Any CPU
		{12454189-764B-4B45-A80C-5FB5D3BA3B6A}.Debug|Any CPU.ActiveCfg = Debug|Any CPU
		{12454189-764B-4B45-A80C-5FB5D3BA3B6A}.Debug|Any CPU.Build.0 = Debug|Any CPU
		{12454189-764B-4B45-A80C-5FB5D3BA3B6A}.Release|Any CPU.ActiveCfg = Release|Any CPU
		{12454189-764B-4B45-A80C-5FB5D3BA3B6A}.Release|Any CPU.Build.0 = Release|Any CPU
	EndGlobalSection
	GlobalSection(SolutionProperties) = preSolution
		HideSolutionNode = FALSE
	EndGlobalSection
	GlobalSection(ExtensibilityGlobals) = postSolution
		SolutionGuid = {36D0EC05-7EF6-4B96-A364-D914D4D3779B}
	EndGlobalSection
EndGlobal
